// !$*UTF8*$!
{
	archiveVersion = 1;
	classes = {
	};
	objectVersion = 56;
	objects = {

/* Begin PBXBuildFile section */
		D52C8675293A78F800FB937E /* AppDelegate.swift in Sources */ = {isa = PBXBuildFile; fileRef = D52C8674293A78F800FB937E /* AppDelegate.swift */; };
		D52C8677293A78F800FB937E /* SceneDelegate.swift in Sources */ = {isa = PBXBuildFile; fileRef = D52C8676293A78F800FB937E /* SceneDelegate.swift */; };
		D52C867A293A78F800FB937E /* LaunchScreen.storyboard in Resources */ = {isa = PBXBuildFile; fileRef = D52C8678293A78F800FB937E /* LaunchScreen.storyboard */; };
		D52C867D293A78F800FB937E /* Main.storyboard in Resources */ = {isa = PBXBuildFile; fileRef = D52C867B293A78F800FB937E /* Main.storyboard */; };
		D52C8686293A78F800FB937E /* AppDelegate.swift in Sources */ = {isa = PBXBuildFile; fileRef = D52C8685293A78F800FB937E /* AppDelegate.swift */; };
		D52C8689293A78F800FB937E /* Main.storyboard in Resources */ = {isa = PBXBuildFile; fileRef = D52C8687293A78F800FB937E /* Main.storyboard */; };
		D52C8690293A78F800FB937E /* BenSrsExt Extension.appex in Embed Foundation Extensions */ = {isa = PBXBuildFile; fileRef = D52C868F293A78F800FB937E /* BenSrsExt Extension.appex */; settings = {ATTRIBUTES = (RemoveHeadersOnCopy, ); }; };
		D52C869A293A78F800FB937E /* BenSrsExt Extension.appex in Embed Foundation Extensions */ = {isa = PBXBuildFile; fileRef = D52C8699293A78F800FB937E /* BenSrsExt Extension.appex */; settings = {ATTRIBUTES = (RemoveHeadersOnCopy, ); }; };
		D52C86A0293A78F800FB937E /* Main.html in Resources */ = {isa = PBXBuildFile; fileRef = D52C865B293A78F700FB937E /* Main.html */; };
		D52C86A1293A78F800FB937E /* Main.html in Resources */ = {isa = PBXBuildFile; fileRef = D52C865B293A78F700FB937E /* Main.html */; };
		D52C86A2293A78F800FB937E /* Icon.png in Resources */ = {isa = PBXBuildFile; fileRef = D52C865D293A78F700FB937E /* Icon.png */; };
		D52C86A3293A78F800FB937E /* Icon.png in Resources */ = {isa = PBXBuildFile; fileRef = D52C865D293A78F700FB937E /* Icon.png */; };
		D52C86A4293A78F800FB937E /* Style.css in Resources */ = {isa = PBXBuildFile; fileRef = D52C865E293A78F700FB937E /* Style.css */; };
		D52C86A5293A78F800FB937E /* Style.css in Resources */ = {isa = PBXBuildFile; fileRef = D52C865E293A78F700FB937E /* Style.css */; };
		D52C86A6293A78F800FB937E /* Script.js in Resources */ = {isa = PBXBuildFile; fileRef = D52C865F293A78F700FB937E /* Script.js */; };
		D52C86A7293A78F800FB937E /* Script.js in Resources */ = {isa = PBXBuildFile; fileRef = D52C865F293A78F700FB937E /* Script.js */; };
		D52C86A8293A78F800FB937E /* ViewController.swift in Sources */ = {isa = PBXBuildFile; fileRef = D52C8660293A78F700FB937E /* ViewController.swift */; };
		D52C86A9293A78F800FB937E /* ViewController.swift in Sources */ = {isa = PBXBuildFile; fileRef = D52C8660293A78F700FB937E /* ViewController.swift */; };
		D52C86AA293A78F800FB937E /* Assets.xcassets in Resources */ = {isa = PBXBuildFile; fileRef = D52C8661293A78F800FB937E /* Assets.xcassets */; };
		D52C86AB293A78F800FB937E /* Assets.xcassets in Resources */ = {isa = PBXBuildFile; fileRef = D52C8661293A78F800FB937E /* Assets.xcassets */; };
		D52C86AC293A78F800FB937E /* SafariWebExtensionHandler.swift in Sources */ = {isa = PBXBuildFile; fileRef = D52C8663293A78F800FB937E /* SafariWebExtensionHandler.swift */; };
		D52C86AD293A78F800FB937E /* SafariWebExtensionHandler.swift in Sources */ = {isa = PBXBuildFile; fileRef = D52C8663293A78F800FB937E /* SafariWebExtensionHandler.swift */; };
		D52C86AE293A78F800FB937E /* _locales in Resources */ = {isa = PBXBuildFile; fileRef = D52C8665293A78F800FB937E /* _locales */; };
		D52C86AF293A78F800FB937E /* _locales in Resources */ = {isa = PBXBuildFile; fileRef = D52C8665293A78F800FB937E /* _locales */; };
		D52C86B0293A78F800FB937E /* images in Resources */ = {isa = PBXBuildFile; fileRef = D52C8666293A78F800FB937E /* images */; };
		D52C86B1293A78F800FB937E /* images in Resources */ = {isa = PBXBuildFile; fileRef = D52C8666293A78F800FB937E /* images */; };
		D52C86B2293A78F800FB937E /* manifest.json in Resources */ = {isa = PBXBuildFile; fileRef = D52C8667293A78F800FB937E /* manifest.json */; };
		D52C86B3293A78F800FB937E /* manifest.json in Resources */ = {isa = PBXBuildFile; fileRef = D52C8667293A78F800FB937E /* manifest.json */; };
		D52C86B4293A78F800FB937E /* background.js in Resources */ = {isa = PBXBuildFile; fileRef = D52C8668293A78F800FB937E /* background.js */; };
		D52C86B5293A78F800FB937E /* background.js in Resources */ = {isa = PBXBuildFile; fileRef = D52C8668293A78F800FB937E /* background.js */; };
		D52C86B6293A78F800FB937E /* content.js in Resources */ = {isa = PBXBuildFile; fileRef = D52C8669293A78F800FB937E /* content.js */; };
		D52C86B7293A78F800FB937E /* content.js in Resources */ = {isa = PBXBuildFile; fileRef = D52C8669293A78F800FB937E /* content.js */; };
		D52C86B8293A78F800FB937E /* popup.html in Resources */ = {isa = PBXBuildFile; fileRef = D52C866A293A78F800FB937E /* popup.html */; };
		D52C86B9293A78F800FB937E /* popup.html in Resources */ = {isa = PBXBuildFile; fileRef = D52C866A293A78F800FB937E /* popup.html */; };
		D52C86BA293A78F800FB937E /* popup.css in Resources */ = {isa = PBXBuildFile; fileRef = D52C866B293A78F800FB937E /* popup.css */; };
		D52C86BB293A78F800FB937E /* popup.css in Resources */ = {isa = PBXBuildFile; fileRef = D52C866B293A78F800FB937E /* popup.css */; };
		D52C86BC293A78F800FB937E /* popup.js in Resources */ = {isa = PBXBuildFile; fileRef = D52C866C293A78F800FB937E /* popup.js */; };
		D52C86BD293A78F800FB937E /* popup.js in Resources */ = {isa = PBXBuildFile; fileRef = D52C866C293A78F800FB937E /* popup.js */; };
/* End PBXBuildFile section */

/* Begin PBXContainerItemProxy section */
		D52C8691293A78F800FB937E /* PBXContainerItemProxy */ = {
			isa = PBXContainerItemProxy;
			containerPortal = D52C8655293A78F700FB937E /* Project object */;
			proxyType = 1;
			remoteGlobalIDString = D52C868E293A78F800FB937E;
			remoteInfo = "BenSrsExt Extension (iOS)";
		};
		D52C869B293A78F800FB937E /* PBXContainerItemProxy */ = {
			isa = PBXContainerItemProxy;
			containerPortal = D52C8655293A78F700FB937E /* Project object */;
			proxyType = 1;
			remoteGlobalIDString = D52C8698293A78F800FB937E;
			remoteInfo = "BenSrsExt Extension (macOS)";
		};
/* End PBXContainerItemProxy section */

/* Begin PBXCopyFilesBuildPhase section */
		D52C86C3293A78F800FB937E /* Embed Foundation Extensions */ = {
			isa = PBXCopyFilesBuildPhase;
			buildActionMask = 2147483647;
			dstPath = "";
			dstSubfolderSpec = 13;
			files = (
				D52C8690293A78F800FB937E /* BenSrsExt Extension.appex in Embed Foundation Extensions */,
			);
			name = "Embed Foundation Extensions";
			runOnlyForDeploymentPostprocessing = 0;
		};
		D52C86CA293A78F800FB937E /* Embed Foundation Extensions */ = {
			isa = PBXCopyFilesBuildPhase;
			buildActionMask = 2147483647;
			dstPath = "";
			dstSubfolderSpec = 13;
			files = (
				D52C869A293A78F800FB937E /* BenSrsExt Extension.appex in Embed Foundation Extensions */,
			);
			name = "Embed Foundation Extensions";
			runOnlyForDeploymentPostprocessing = 0;
		};
/* End PBXCopyFilesBuildPhase section */

/* Begin PBXFileReference section */
		D52C865C293A78F700FB937E /* Base */ = {isa = PBXFileReference; lastKnownFileType = text.html; name = Base; path = ../Base.lproj/Main.html; sourceTree = "<group>"; };
		D52C865D293A78F700FB937E /* Icon.png */ = {isa = PBXFileReference; lastKnownFileType = image.png; path = Icon.png; sourceTree = "<group>"; };
		D52C865E293A78F700FB937E /* Style.css */ = {isa = PBXFileReference; lastKnownFileType = text.css; path = Style.css; sourceTree = "<group>"; };
		D52C865F293A78F700FB937E /* Script.js */ = {isa = PBXFileReference; lastKnownFileType = sourcecode.javascript; path = Script.js; sourceTree = "<group>"; };
		D52C8660293A78F700FB937E /* ViewController.swift */ = {isa = PBXFileReference; lastKnownFileType = sourcecode.swift; path = ViewController.swift; sourceTree = "<group>"; };
		D52C8661293A78F800FB937E /* Assets.xcassets */ = {isa = PBXFileReference; lastKnownFileType = folder.assetcatalog; path = Assets.xcassets; sourceTree = "<group>"; };
		D52C8663293A78F800FB937E /* SafariWebExtensionHandler.swift */ = {isa = PBXFileReference; lastKnownFileType = sourcecode.swift; path = SafariWebExtensionHandler.swift; sourceTree = "<group>"; };
		D52C8665293A78F800FB937E /* _locales */ = {isa = PBXFileReference; lastKnownFileType = folder; path = _locales; sourceTree = "<group>"; };
		D52C8666293A78F800FB937E /* images */ = {isa = PBXFileReference; lastKnownFileType = folder; path = images; sourceTree = "<group>"; };
		D52C8667293A78F800FB937E /* manifest.json */ = {isa = PBXFileReference; lastKnownFileType = text.json; path = manifest.json; sourceTree = "<group>"; };
		D52C8668293A78F800FB937E /* background.js */ = {isa = PBXFileReference; lastKnownFileType = sourcecode.javascript; path = background.js; sourceTree = "<group>"; };
		D52C8669293A78F800FB937E /* content.js */ = {isa = PBXFileReference; lastKnownFileType = sourcecode.javascript; path = content.js; sourceTree = "<group>"; };
		D52C866A293A78F800FB937E /* popup.html */ = {isa = PBXFileReference; lastKnownFileType = text.html; path = popup.html; sourceTree = "<group>"; };
		D52C866B293A78F800FB937E /* popup.css */ = {isa = PBXFileReference; lastKnownFileType = text.css; path = popup.css; sourceTree = "<group>"; };
		D52C866C293A78F800FB937E /* popup.js */ = {isa = PBXFileReference; lastKnownFileType = sourcecode.javascript; path = popup.js; sourceTree = "<group>"; };
		D52C8671293A78F800FB937E /* BenSrsExt.app */ = {isa = PBXFileReference; explicitFileType = wrapper.application; includeInIndex = 0; path = BenSrsExt.app; sourceTree = BUILT_PRODUCTS_DIR; };
		D52C8674293A78F800FB937E /* AppDelegate.swift */ = {isa = PBXFileReference; lastKnownFileType = sourcecode.swift; path = AppDelegate.swift; sourceTree = "<group>"; };
		D52C8676293A78F800FB937E /* SceneDelegate.swift */ = {isa = PBXFileReference; lastKnownFileType = sourcecode.swift; path = SceneDelegate.swift; sourceTree = "<group>"; };
		D52C8679293A78F800FB937E /* Base */ = {isa = PBXFileReference; lastKnownFileType = file.storyboard; name = Base; path = Base.lproj/LaunchScreen.storyboard; sourceTree = "<group>"; };
		D52C867C293A78F800FB937E /* Base */ = {isa = PBXFileReference; lastKnownFileType = file.storyboard; name = Base; path = Base.lproj/Main.storyboard; sourceTree = "<group>"; };
		D52C867E293A78F800FB937E /* Info.plist */ = {isa = PBXFileReference; lastKnownFileType = text.plist.xml; path = Info.plist; sourceTree = "<group>"; };
		D52C8683293A78F800FB937E /* BenSrsExt.app */ = {isa = PBXFileReference; explicitFileType = wrapper.application; includeInIndex = 0; path = BenSrsExt.app; sourceTree = BUILT_PRODUCTS_DIR; };
		D52C8685293A78F800FB937E /* AppDelegate.swift */ = {isa = PBXFileReference; lastKnownFileType = sourcecode.swift; path = AppDelegate.swift; sourceTree = "<group>"; };
		D52C8688293A78F800FB937E /* Base */ = {isa = PBXFileReference; lastKnownFileType = file.storyboard; name = Base; path = Base.lproj/Main.storyboard; sourceTree = "<group>"; };
		D52C868A293A78F800FB937E /* BenSrsExt.entitlements */ = {isa = PBXFileReference; lastKnownFileType = text.plist.entitlements; path = BenSrsExt.entitlements; sourceTree = "<group>"; };
		D52C868F293A78F800FB937E /* BenSrsExt Extension.appex */ = {isa = PBXFileReference; explicitFileType = "wrapper.app-extension"; includeInIndex = 0; path = "BenSrsExt Extension.appex"; sourceTree = BUILT_PRODUCTS_DIR; };
		D52C8694293A78F800FB937E /* Info.plist */ = {isa = PBXFileReference; lastKnownFileType = text.plist.xml; path = Info.plist; sourceTree = "<group>"; };
		D52C8699293A78F800FB937E /* BenSrsExt Extension.appex */ = {isa = PBXFileReference; explicitFileType = "wrapper.app-extension"; includeInIndex = 0; path = "BenSrsExt Extension.appex"; sourceTree = BUILT_PRODUCTS_DIR; };
		D52C869E293A78F800FB937E /* Info.plist */ = {isa = PBXFileReference; lastKnownFileType = text.plist.xml; path = Info.plist; sourceTree = "<group>"; };
		D52C869F293A78F800FB937E /* BenSrsExt.entitlements */ = {isa = PBXFileReference; lastKnownFileType = text.plist.entitlements; path = BenSrsExt.entitlements; sourceTree = "<group>"; };
/* End PBXFileReference section */

/* Begin PBXFrameworksBuildPhase section */
		D52C866E293A78F800FB937E /* Frameworks */ = {
			isa = PBXFrameworksBuildPhase;
			buildActionMask = 2147483647;
			files = (
			);
			runOnlyForDeploymentPostprocessing = 0;
		};
		D52C8680293A78F800FB937E /* Frameworks */ = {
			isa = PBXFrameworksBuildPhase;
			buildActionMask = 2147483647;
			files = (
			);
			runOnlyForDeploymentPostprocessing = 0;
		};
		D52C868C293A78F800FB937E /* Frameworks */ = {
			isa = PBXFrameworksBuildPhase;
			buildActionMask = 2147483647;
			files = (
			);
			runOnlyForDeploymentPostprocessing = 0;
		};
		D52C8696293A78F800FB937E /* Frameworks */ = {
			isa = PBXFrameworksBuildPhase;
			buildActionMask = 2147483647;
			files = (
			);
			runOnlyForDeploymentPostprocessing = 0;
		};
/* End PBXFrameworksBuildPhase section */

/* Begin PBXGroup section */
		D52C8654293A78F700FB937E = {
			isa = PBXGroup;
			children = (
				D52C8659293A78F700FB937E /* Shared (App) */,
				D52C8662293A78F800FB937E /* Shared (Extension) */,
				D52C8673293A78F800FB937E /* iOS (App) */,
				D52C8684293A78F800FB937E /* macOS (App) */,
				D52C8693293A78F800FB937E /* iOS (Extension) */,
				D52C869D293A78F800FB937E /* macOS (Extension) */,
				D52C8672293A78F800FB937E /* Products */,
			);
			sourceTree = "<group>";
		};
		D52C8659293A78F700FB937E /* Shared (App) */ = {
			isa = PBXGroup;
			children = (
				D52C8660293A78F700FB937E /* ViewController.swift */,
				D52C8661293A78F800FB937E /* Assets.xcassets */,
				D52C865A293A78F700FB937E /* Resources */,
			);
			path = "Shared (App)";
			sourceTree = "<group>";
		};
		D52C865A293A78F700FB937E /* Resources */ = {
			isa = PBXGroup;
			children = (
				D52C865B293A78F700FB937E /* Main.html */,
				D52C865D293A78F700FB937E /* Icon.png */,
				D52C865E293A78F700FB937E /* Style.css */,
				D52C865F293A78F700FB937E /* Script.js */,
			);
			path = Resources;
			sourceTree = "<group>";
		};
		D52C8662293A78F800FB937E /* Shared (Extension) */ = {
			isa = PBXGroup;
			children = (
				D52C8663293A78F800FB937E /* SafariWebExtensionHandler.swift */,
				D52C8664293A78F800FB937E /* Resources */,
			);
			path = "Shared (Extension)";
			sourceTree = "<group>";
		};
		D52C8664293A78F800FB937E /* Resources */ = {
			isa = PBXGroup;
			children = (
				D52C8665293A78F800FB937E /* _locales */,
				D52C8666293A78F800FB937E /* images */,
				D52C8667293A78F800FB937E /* manifest.json */,
				D52C8668293A78F800FB937E /* background.js */,
				D52C8669293A78F800FB937E /* content.js */,
				D52C866A293A78F800FB937E /* popup.html */,
				D52C866B293A78F800FB937E /* popup.css */,
				D52C866C293A78F800FB937E /* popup.js */,
			);
			path = Resources;
			sourceTree = "<group>";
		};
		D52C8672293A78F800FB937E /* Products */ = {
			isa = PBXGroup;
			children = (
				D52C8671293A78F800FB937E /* BenSrsExt.app */,
				D52C8683293A78F800FB937E /* BenSrsExt.app */,
				D52C868F293A78F800FB937E /* BenSrsExt Extension.appex */,
				D52C8699293A78F800FB937E /* BenSrsExt Extension.appex */,
			);
			name = Products;
			sourceTree = "<group>";
		};
		D52C8673293A78F800FB937E /* iOS (App) */ = {
			isa = PBXGroup;
			children = (
				D52C8674293A78F800FB937E /* AppDelegate.swift */,
				D52C8676293A78F800FB937E /* SceneDelegate.swift */,
				D52C8678293A78F800FB937E /* LaunchScreen.storyboard */,
				D52C867B293A78F800FB937E /* Main.storyboard */,
				D52C867E293A78F800FB937E /* Info.plist */,
			);
			path = "iOS (App)";
			sourceTree = "<group>";
		};
		D52C8684293A78F800FB937E /* macOS (App) */ = {
			isa = PBXGroup;
			children = (
				D52C8685293A78F800FB937E /* AppDelegate.swift */,
				D52C8687293A78F800FB937E /* Main.storyboard */,
				D52C868A293A78F800FB937E /* BenSrsExt.entitlements */,
			);
			path = "macOS (App)";
			sourceTree = "<group>";
		};
		D52C8693293A78F800FB937E /* iOS (Extension) */ = {
			isa = PBXGroup;
			children = (
				D52C8694293A78F800FB937E /* Info.plist */,
			);
			path = "iOS (Extension)";
			sourceTree = "<group>";
		};
		D52C869D293A78F800FB937E /* macOS (Extension) */ = {
			isa = PBXGroup;
			children = (
				D52C869E293A78F800FB937E /* Info.plist */,
				D52C869F293A78F800FB937E /* BenSrsExt.entitlements */,
			);
			path = "macOS (Extension)";
			sourceTree = "<group>";
		};
/* End PBXGroup section */

/* Begin PBXNativeTarget section */
		D52C8670293A78F800FB937E /* BenSrsExt (iOS) */ = {
			isa = PBXNativeTarget;
			buildConfigurationList = D52C86C4293A78F800FB937E /* Build configuration list for PBXNativeTarget "BenSrsExt (iOS)" */;
			buildPhases = (
				D52C866D293A78F800FB937E /* Sources */,
				D52C866E293A78F800FB937E /* Frameworks */,
				D52C866F293A78F800FB937E /* Resources */,
				D52C86C3293A78F800FB937E /* Embed Foundation Extensions */,
			);
			buildRules = (
			);
			dependencies = (
				D52C8692293A78F800FB937E /* PBXTargetDependency */,
			);
			name = "BenSrsExt (iOS)";
			productName = "BenSrsExt (iOS)";
			productReference = D52C8671293A78F800FB937E /* BenSrsExt.app */;
			productType = "com.apple.product-type.application";
		};
		D52C8682293A78F800FB937E /* BenSrsExt (macOS) */ = {
			isa = PBXNativeTarget;
			buildConfigurationList = D52C86CB293A78F800FB937E /* Build configuration list for PBXNativeTarget "BenSrsExt (macOS)" */;
			buildPhases = (
				D52C867F293A78F800FB937E /* Sources */,
				D52C8680293A78F800FB937E /* Frameworks */,
				D52C8681293A78F800FB937E /* Resources */,
				D52C86CA293A78F800FB937E /* Embed Foundation Extensions */,
			);
			buildRules = (
			);
			dependencies = (
				D52C869C293A78F800FB937E /* PBXTargetDependency */,
			);
			name = "BenSrsExt (macOS)";
			productName = "BenSrsExt (macOS)";
			productReference = D52C8683293A78F800FB937E /* BenSrsExt.app */;
			productType = "com.apple.product-type.application";
		};
		D52C868E293A78F800FB937E /* BenSrsExt Extension (iOS) */ = {
			isa = PBXNativeTarget;
			buildConfigurationList = D52C86C0293A78F800FB937E /* Build configuration list for PBXNativeTarget "BenSrsExt Extension (iOS)" */;
			buildPhases = (
				D52C868B293A78F800FB937E /* Sources */,
				D52C868C293A78F800FB937E /* Frameworks */,
				D52C868D293A78F800FB937E /* Resources */,
			);
			buildRules = (
			);
			dependencies = (
			);
			name = "BenSrsExt Extension (iOS)";
			productName = "BenSrsExt Extension (iOS)";
			productReference = D52C868F293A78F800FB937E /* BenSrsExt Extension.appex */;
			productType = "com.apple.product-type.app-extension";
		};
		D52C8698293A78F800FB937E /* BenSrsExt Extension (macOS) */ = {
			isa = PBXNativeTarget;
			buildConfigurationList = D52C86C7293A78F800FB937E /* Build configuration list for PBXNativeTarget "BenSrsExt Extension (macOS)" */;
			buildPhases = (
				D52C8695293A78F800FB937E /* Sources */,
				D52C8696293A78F800FB937E /* Frameworks */,
				D52C8697293A78F800FB937E /* Resources */,
			);
			buildRules = (
			);
			dependencies = (
			);
			name = "BenSrsExt Extension (macOS)";
			productName = "BenSrsExt Extension (macOS)";
			productReference = D52C8699293A78F800FB937E /* BenSrsExt Extension.appex */;
			productType = "com.apple.product-type.app-extension";
		};
/* End PBXNativeTarget section */

/* Begin PBXProject section */
		D52C8655293A78F700FB937E /* Project object */ = {
			isa = PBXProject;
			attributes = {
				BuildIndependentTargetsInParallel = 1;
				LastSwiftUpdateCheck = 1410;
				LastUpgradeCheck = 1410;
				TargetAttributes = {
					D52C8670293A78F800FB937E = {
						CreatedOnToolsVersion = 14.1;
					};
					D52C8682293A78F800FB937E = {
						CreatedOnToolsVersion = 14.1;
					};
					D52C868E293A78F800FB937E = {
						CreatedOnToolsVersion = 14.1;
					};
					D52C8698293A78F800FB937E = {
						CreatedOnToolsVersion = 14.1;
					};
				};
			};
			buildConfigurationList = D52C8658293A78F700FB937E /* Build configuration list for PBXProject "BenSrsExt" */;
			compatibilityVersion = "Xcode 14.0";
			developmentRegion = en;
			hasScannedForEncodings = 0;
			knownRegions = (
				en,
				Base,
			);
			mainGroup = D52C8654293A78F700FB937E;
			productRefGroup = D52C8672293A78F800FB937E /* Products */;
			projectDirPath = "";
			projectRoot = "";
			targets = (
				D52C8670293A78F800FB937E /* BenSrsExt (iOS) */,
				D52C8682293A78F800FB937E /* BenSrsExt (macOS) */,
				D52C868E293A78F800FB937E /* BenSrsExt Extension (iOS) */,
				D52C8698293A78F800FB937E /* BenSrsExt Extension (macOS) */,
			);
		};
/* End PBXProject section */

/* Begin PBXResourcesBuildPhase section */
		D52C866F293A78F800FB937E /* Resources */ = {
			isa = PBXResourcesBuildPhase;
			buildActionMask = 2147483647;
			files = (
				D52C86A2293A78F800FB937E /* Icon.png in Resources */,
				D52C867A293A78F800FB937E /* LaunchScreen.storyboard in Resources */,
				D52C86A0293A78F800FB937E /* Main.html in Resources */,
				D52C86A6293A78F800FB937E /* Script.js in Resources */,
				D52C86AA293A78F800FB937E /* Assets.xcassets in Resources */,
				D52C867D293A78F800FB937E /* Main.storyboard in Resources */,
				D52C86A4293A78F800FB937E /* Style.css in Resources */,
			);
			runOnlyForDeploymentPostprocessing = 0;
		};
		D52C8681293A78F800FB937E /* Resources */ = {
			isa = PBXResourcesBuildPhase;
			buildActionMask = 2147483647;
			files = (
				D52C86A3293A78F800FB937E /* Icon.png in Resources */,
				D52C86A5293A78F800FB937E /* Style.css in Resources */,
				D52C8689293A78F800FB937E /* Main.storyboard in Resources */,
				D52C86A7293A78F800FB937E /* Script.js in Resources */,
				D52C86AB293A78F800FB937E /* Assets.xcassets in Resources */,
				D52C86A1293A78F800FB937E /* Main.html in Resources */,
			);
			runOnlyForDeploymentPostprocessing = 0;
		};
		D52C868D293A78F800FB937E /* Resources */ = {
			isa = PBXResourcesBuildPhase;
			buildActionMask = 2147483647;
			files = (
				D52C86B4293A78F800FB937E /* background.js in Resources */,
				D52C86BA293A78F800FB937E /* popup.css in Resources */,
				D52C86B8293A78F800FB937E /* popup.html in Resources */,
				D52C86B0293A78F800FB937E /* images in Resources */,
				D52C86B2293A78F800FB937E /* manifest.json in Resources */,
				D52C86AE293A78F800FB937E /* _locales in Resources */,
				D52C86B6293A78F800FB937E /* content.js in Resources */,
				D52C86BC293A78F800FB937E /* popup.js in Resources */,
			);
			runOnlyForDeploymentPostprocessing = 0;
		};
		D52C8697293A78F800FB937E /* Resources */ = {
			isa = PBXResourcesBuildPhase;
			buildActionMask = 2147483647;
			files = (
				D52C86B5293A78F800FB937E /* background.js in Resources */,
				D52C86BB293A78F800FB937E /* popup.css in Resources */,
				D52C86B9293A78F800FB937E /* popup.html in Resources */,
				D52C86B1293A78F800FB937E /* images in Resources */,
				D52C86B3293A78F800FB937E /* manifest.json in Resources */,
				D52C86AF293A78F800FB937E /* _locales in Resources */,
				D52C86B7293A78F800FB937E /* content.js in Resources */,
				D52C86BD293A78F800FB937E /* popup.js in Resources */,
			);
			runOnlyForDeploymentPostprocessing = 0;
		};
/* End PBXResourcesBuildPhase section */

/* Begin PBXSourcesBuildPhase section */
		D52C866D293A78F800FB937E /* Sources */ = {
			isa = PBXSourcesBuildPhase;
			buildActionMask = 2147483647;
			files = (
				D52C86A8293A78F800FB937E /* ViewController.swift in Sources */,
				D52C8675293A78F800FB937E /* AppDelegate.swift in Sources */,
				D52C8677293A78F800FB937E /* SceneDelegate.swift in Sources */,
			);
			runOnlyForDeploymentPostprocessing = 0;
		};
		D52C867F293A78F800FB937E /* Sources */ = {
			isa = PBXSourcesBuildPhase;
			buildActionMask = 2147483647;
			files = (
				D52C86A9293A78F800FB937E /* ViewController.swift in Sources */,
				D52C8686293A78F800FB937E /* AppDelegate.swift in Sources */,
			);
			runOnlyForDeploymentPostprocessing = 0;
		};
		D52C868B293A78F800FB937E /* Sources */ = {
			isa = PBXSourcesBuildPhase;
			buildActionMask = 2147483647;
			files = (
				D52C86AC293A78F800FB937E /* SafariWebExtensionHandler.swift in Sources */,
			);
			runOnlyForDeploymentPostprocessing = 0;
		};
		D52C8695293A78F800FB937E /* Sources */ = {
			isa = PBXSourcesBuildPhase;
			buildActionMask = 2147483647;
			files = (
				D52C86AD293A78F800FB937E /* SafariWebExtensionHandler.swift in Sources */,
			);
			runOnlyForDeploymentPostprocessing = 0;
		};
/* End PBXSourcesBuildPhase section */

/* Begin PBXTargetDependency section */
		D52C8692293A78F800FB937E /* PBXTargetDependency */ = {
			isa = PBXTargetDependency;
			target = D52C868E293A78F800FB937E /* BenSrsExt Extension (iOS) */;
			targetProxy = D52C8691293A78F800FB937E /* PBXContainerItemProxy */;
		};
		D52C869C293A78F800FB937E /* PBXTargetDependency */ = {
			isa = PBXTargetDependency;
			target = D52C8698293A78F800FB937E /* BenSrsExt Extension (macOS) */;
			targetProxy = D52C869B293A78F800FB937E /* PBXContainerItemProxy */;
		};
/* End PBXTargetDependency section */

/* Begin PBXVariantGroup section */
		D52C865B293A78F700FB937E /* Main.html */ = {
			isa = PBXVariantGroup;
			children = (
				D52C865C293A78F700FB937E /* Base */,
			);
			name = Main.html;
			sourceTree = "<group>";
		};
		D52C8678293A78F800FB937E /* LaunchScreen.storyboard */ = {
			isa = PBXVariantGroup;
			children = (
				D52C8679293A78F800FB937E /* Base */,
			);
			name = LaunchScreen.storyboard;
			sourceTree = "<group>";
		};
		D52C867B293A78F800FB937E /* Main.storyboard */ = {
			isa = PBXVariantGroup;
			children = (
				D52C867C293A78F800FB937E /* Base */,
			);
			name = Main.storyboard;
			sourceTree = "<group>";
		};
		D52C8687293A78F800FB937E /* Main.storyboard */ = {
			isa = PBXVariantGroup;
			children = (
				D52C8688293A78F800FB937E /* Base */,
			);
			name = Main.storyboard;
			sourceTree = "<group>";
		};
/* End PBXVariantGroup section */

/* Begin XCBuildConfiguration section */
		D52C86BE293A78F800FB937E /* Debug */ = {
			isa = XCBuildConfiguration;
			buildSettings = {
				ALWAYS_SEARCH_USER_PATHS = NO;
				CLANG_ANALYZER_NONNULL = YES;
				CLANG_ANALYZER_NUMBER_OBJECT_CONVERSION = YES_AGGRESSIVE;
				CLANG_CXX_LANGUAGE_STANDARD = "gnu++20";
				CLANG_ENABLE_MODULES = YES;
				CLANG_ENABLE_OBJC_ARC = YES;
				CLANG_ENABLE_OBJC_WEAK = YES;
				CLANG_WARN_BLOCK_CAPTURE_AUTORELEASING = YES;
				CLANG_WARN_BOOL_CONVERSION = YES;
				CLANG_WARN_COMMA = YES;
				CLANG_WARN_CONSTANT_CONVERSION = YES;
				CLANG_WARN_DEPRECATED_OBJC_IMPLEMENTATIONS = YES;
				CLANG_WARN_DIRECT_OBJC_ISA_USAGE = YES_ERROR;
				CLANG_WARN_DOCUMENTATION_COMMENTS = YES;
				CLANG_WARN_EMPTY_BODY = YES;
				CLANG_WARN_ENUM_CONVERSION = YES;
				CLANG_WARN_INFINITE_RECURSION = YES;
				CLANG_WARN_INT_CONVERSION = YES;
				CLANG_WARN_NON_LITERAL_NULL_CONVERSION = YES;
				CLANG_WARN_OBJC_IMPLICIT_RETAIN_SELF = YES;
				CLANG_WARN_OBJC_LITERAL_CONVERSION = YES;
				CLANG_WARN_OBJC_ROOT_CLASS = YES_ERROR;
				CLANG_WARN_QUOTED_INCLUDE_IN_FRAMEWORK_HEADER = YES;
				CLANG_WARN_RANGE_LOOP_ANALYSIS = YES;
				CLANG_WARN_STRICT_PROTOTYPES = YES;
				CLANG_WARN_SUSPICIOUS_MOVE = YES;
				CLANG_WARN_UNGUARDED_AVAILABILITY = YES_AGGRESSIVE;
				CLANG_WARN_UNREACHABLE_CODE = YES;
				CLANG_WARN__DUPLICATE_METHOD_MATCH = YES;
				COPY_PHASE_STRIP = NO;
				DEBUG_INFORMATION_FORMAT = dwarf;
				ENABLE_STRICT_OBJC_MSGSEND = YES;
				ENABLE_TESTABILITY = YES;
				GCC_C_LANGUAGE_STANDARD = gnu11;
				GCC_DYNAMIC_NO_PIC = NO;
				GCC_NO_COMMON_BLOCKS = YES;
				GCC_OPTIMIZATION_LEVEL = 0;
				GCC_PREPROCESSOR_DEFINITIONS = (
					"DEBUG=1",
					"$(inherited)",
				);
				GCC_WARN_64_TO_32_BIT_CONVERSION = YES;
				GCC_WARN_ABOUT_RETURN_TYPE = YES_ERROR;
				GCC_WARN_UNDECLARED_SELECTOR = YES;
				GCC_WARN_UNINITIALIZED_AUTOS = YES_AGGRESSIVE;
				GCC_WARN_UNUSED_FUNCTION = YES;
				GCC_WARN_UNUSED_VARIABLE = YES;
				MTL_ENABLE_DEBUG_INFO = INCLUDE_SOURCE;
				MTL_FAST_MATH = YES;
				ONLY_ACTIVE_ARCH = YES;
				SWIFT_ACTIVE_COMPILATION_CONDITIONS = DEBUG;
				SWIFT_OPTIMIZATION_LEVEL = "-Onone";
			};
			name = Debug;
		};
		D52C86BF293A78F800FB937E /* Release */ = {
			isa = XCBuildConfiguration;
			buildSettings = {
				ALWAYS_SEARCH_USER_PATHS = NO;
				CLANG_ANALYZER_NONNULL = YES;
				CLANG_ANALYZER_NUMBER_OBJECT_CONVERSION = YES_AGGRESSIVE;
				CLANG_CXX_LANGUAGE_STANDARD = "gnu++20";
				CLANG_ENABLE_MODULES = YES;
				CLANG_ENABLE_OBJC_ARC = YES;
				CLANG_ENABLE_OBJC_WEAK = YES;
				CLANG_WARN_BLOCK_CAPTURE_AUTORELEASING = YES;
				CLANG_WARN_BOOL_CONVERSION = YES;
				CLANG_WARN_COMMA = YES;
				CLANG_WARN_CONSTANT_CONVERSION = YES;
				CLANG_WARN_DEPRECATED_OBJC_IMPLEMENTATIONS = YES;
				CLANG_WARN_DIRECT_OBJC_ISA_USAGE = YES_ERROR;
				CLANG_WARN_DOCUMENTATION_COMMENTS = YES;
				CLANG_WARN_EMPTY_BODY = YES;
				CLANG_WARN_ENUM_CONVERSION = YES;
				CLANG_WARN_INFINITE_RECURSION = YES;
				CLANG_WARN_INT_CONVERSION = YES;
				CLANG_WARN_NON_LITERAL_NULL_CONVERSION = YES;
				CLANG_WARN_OBJC_IMPLICIT_RETAIN_SELF = YES;
				CLANG_WARN_OBJC_LITERAL_CONVERSION = YES;
				CLANG_WARN_OBJC_ROOT_CLASS = YES_ERROR;
				CLANG_WARN_QUOTED_INCLUDE_IN_FRAMEWORK_HEADER = YES;
				CLANG_WARN_RANGE_LOOP_ANALYSIS = YES;
				CLANG_WARN_STRICT_PROTOTYPES = YES;
				CLANG_WARN_SUSPICIOUS_MOVE = YES;
				CLANG_WARN_UNGUARDED_AVAILABILITY = YES_AGGRESSIVE;
				CLANG_WARN_UNREACHABLE_CODE = YES;
				CLANG_WARN__DUPLICATE_METHOD_MATCH = YES;
				COPY_PHASE_STRIP = NO;
				DEBUG_INFORMATION_FORMAT = "dwarf-with-dsym";
				ENABLE_NS_ASSERTIONS = NO;
				ENABLE_STRICT_OBJC_MSGSEND = YES;
				GCC_C_LANGUAGE_STANDARD = gnu11;
				GCC_NO_COMMON_BLOCKS = YES;
				GCC_WARN_64_TO_32_BIT_CONVERSION = YES;
				GCC_WARN_ABOUT_RETURN_TYPE = YES_ERROR;
				GCC_WARN_UNDECLARED_SELECTOR = YES;
				GCC_WARN_UNINITIALIZED_AUTOS = YES_AGGRESSIVE;
				GCC_WARN_UNUSED_FUNCTION = YES;
				GCC_WARN_UNUSED_VARIABLE = YES;
				MTL_ENABLE_DEBUG_INFO = NO;
				MTL_FAST_MATH = YES;
				SWIFT_COMPILATION_MODE = wholemodule;
				SWIFT_OPTIMIZATION_LEVEL = "-O";
			};
			name = Release;
		};
		D52C86C1293A78F800FB937E /* Debug */ = {
			isa = XCBuildConfiguration;
			buildSettings = {
				CODE_SIGN_STYLE = Automatic;
				CURRENT_PROJECT_VERSION = 1;
				DEVELOPMENT_TEAM = 7A38VC5Z83;
				GENERATE_INFOPLIST_FILE = YES;
				INFOPLIST_FILE = "iOS (Extension)/Info.plist";
				INFOPLIST_KEY_CFBundleDisplayName = "BenSrsExt Extension";
				INFOPLIST_KEY_NSHumanReadableCopyright = "";
				IPHONEOS_DEPLOYMENT_TARGET = 15.0;
				LD_RUNPATH_SEARCH_PATHS = (
					"$(inherited)",
					"@executable_path/Frameworks",
					"@executable_path/../../Frameworks",
				);
				MARKETING_VERSION = 1.0;
				OTHER_LDFLAGS = (
					"-framework",
					SafariServices,
				);
				PRODUCT_BUNDLE_IDENTIFIER = io.kaihatsu.BenSrsExt.Extension;
				PRODUCT_NAME = "BenSrsExt Extension";
				SDKROOT = iphoneos;
				SKIP_INSTALL = YES;
				SWIFT_EMIT_LOC_STRINGS = YES;
				SWIFT_VERSION = 5.0;
				TARGETED_DEVICE_FAMILY = "1,2";
			};
			name = Debug;
		};
		D52C86C2293A78F800FB937E /* Release */ = {
			isa = XCBuildConfiguration;
			buildSettings = {
				CODE_SIGN_STYLE = Automatic;
				CURRENT_PROJECT_VERSION = 1;
				DEVELOPMENT_TEAM = 7A38VC5Z83;
				GENERATE_INFOPLIST_FILE = YES;
				INFOPLIST_FILE = "iOS (Extension)/Info.plist";
				INFOPLIST_KEY_CFBundleDisplayName = "BenSrsExt Extension";
				INFOPLIST_KEY_NSHumanReadableCopyright = "";
				IPHONEOS_DEPLOYMENT_TARGET = 15.0;
				LD_RUNPATH_SEARCH_PATHS = (
					"$(inherited)",
					"@executable_path/Frameworks",
					"@executable_path/../../Frameworks",
				);
				MARKETING_VERSION = 1.0;
				OTHER_LDFLAGS = (
					"-framework",
					SafariServices,
				);
				PRODUCT_BUNDLE_IDENTIFIER = io.kaihatsu.BenSrsExt.Extension;
				PRODUCT_NAME = "BenSrsExt Extension";
				SDKROOT = iphoneos;
				SKIP_INSTALL = YES;
				SWIFT_EMIT_LOC_STRINGS = YES;
				SWIFT_VERSION = 5.0;
				TARGETED_DEVICE_FAMILY = "1,2";
				VALIDATE_PRODUCT = YES;
			};
			name = Release;
		};
		D52C86C5293A78F800FB937E /* Debug */ = {
			isa = XCBuildConfiguration;
			buildSettings = {
				ALWAYS_EMBED_SWIFT_STANDARD_LIBRARIES = YES;
				ASSETCATALOG_COMPILER_APPICON_NAME = AppIcon;
				ASSETCATALOG_COMPILER_GLOBAL_ACCENT_COLOR_NAME = AccentColor;
				CODE_SIGN_STYLE = Automatic;
				CURRENT_PROJECT_VERSION = 1;
				DEVELOPMENT_TEAM = 7A38VC5Z83;
				GENERATE_INFOPLIST_FILE = YES;
				INFOPLIST_FILE = "iOS (App)/Info.plist";
				INFOPLIST_KEY_CFBundleDisplayName = BenSrsExt;
				INFOPLIST_KEY_UIApplicationSupportsIndirectInputEvents = YES;
				INFOPLIST_KEY_UILaunchStoryboardName = LaunchScreen;
				INFOPLIST_KEY_UIMainStoryboardFile = Main;
				INFOPLIST_KEY_UISupportedInterfaceOrientations = "UIInterfaceOrientationPortrait UIInterfaceOrientationLandscapeLeft UIInterfaceOrientationLandscapeRight";
				INFOPLIST_KEY_UISupportedInterfaceOrientations_iPad = "UIInterfaceOrientationPortrait UIInterfaceOrientationPortraitUpsideDown UIInterfaceOrientationLandscapeLeft UIInterfaceOrientationLandscapeRight";
				IPHONEOS_DEPLOYMENT_TARGET = 15.0;
				LD_RUNPATH_SEARCH_PATHS = (
					"$(inherited)",
					"@executable_path/Frameworks",
				);
				MARKETING_VERSION = 1.0;
				OTHER_LDFLAGS = (
					"-framework",
					SafariServices,
					"-framework",
					WebKit,
				);
				PRODUCT_BUNDLE_IDENTIFIER = io.kaihatsu.BenSrsExt;
				PRODUCT_NAME = BenSrsExt;
				SDKROOT = iphoneos;
				SWIFT_EMIT_LOC_STRINGS = YES;
				SWIFT_VERSION = 5.0;
				TARGETED_DEVICE_FAMILY = "1,2";
			};
			name = Debug;
		};
		D52C86C6293A78F800FB937E /* Release */ = {
			isa = XCBuildConfiguration;
			buildSettings = {
				ALWAYS_EMBED_SWIFT_STANDARD_LIBRARIES = YES;
				ASSETCATALOG_COMPILER_APPICON_NAME = AppIcon;
				ASSETCATALOG_COMPILER_GLOBAL_ACCENT_COLOR_NAME = AccentColor;
				CODE_SIGN_STYLE = Automatic;
				CURRENT_PROJECT_VERSION = 1;
				DEVELOPMENT_TEAM = 7A38VC5Z83;
				GENERATE_INFOPLIST_FILE = YES;
				INFOPLIST_FILE = "iOS (App)/Info.plist";
				INFOPLIST_KEY_CFBundleDisplayName = BenSrsExt;
				INFOPLIST_KEY_UIApplicationSupportsIndirectInputEvents = YES;
				INFOPLIST_KEY_UILaunchStoryboardName = LaunchScreen;
				INFOPLIST_KEY_UIMainStoryboardFile = Main;
				INFOPLIST_KEY_UISupportedInterfaceOrientations = "UIInterfaceOrientationPortrait UIInterfaceOrientationLandscapeLeft UIInterfaceOrientationLandscapeRight";
				INFOPLIST_KEY_UISupportedInterfaceOrientations_iPad = "UIInterfaceOrientationPortrait UIInterfaceOrientationPortraitUpsideDown UIInterfaceOrientationLandscapeLeft UIInterfaceOrientationLandscapeRight";
				IPHONEOS_DEPLOYMENT_TARGET = 15.0;
				LD_RUNPATH_SEARCH_PATHS = (
					"$(inherited)",
					"@executable_path/Frameworks",
				);
				MARKETING_VERSION = 1.0;
				OTHER_LDFLAGS = (
					"-framework",
					SafariServices,
					"-framework",
					WebKit,
				);
				PRODUCT_BUNDLE_IDENTIFIER = io.kaihatsu.BenSrsExt;
				PRODUCT_NAME = BenSrsExt;
				SDKROOT = iphoneos;
				SWIFT_EMIT_LOC_STRINGS = YES;
				SWIFT_VERSION = 5.0;
				TARGETED_DEVICE_FAMILY = "1,2";
				VALIDATE_PRODUCT = YES;
			};
			name = Release;
		};
		D52C86C8293A78F800FB937E /* Debug */ = {
			isa = XCBuildConfiguration;
			buildSettings = {
				CODE_SIGN_ENTITLEMENTS = "macOS (Extension)/BenSrsExt.entitlements";
				CODE_SIGN_STYLE = Automatic;
				CURRENT_PROJECT_VERSION = 1;
				DEVELOPMENT_TEAM = 7A38VC5Z83;
				ENABLE_HARDENED_RUNTIME = YES;
				GENERATE_INFOPLIST_FILE = YES;
				INFOPLIST_FILE = "macOS (Extension)/Info.plist";
				INFOPLIST_KEY_CFBundleDisplayName = "BenSrsExt Extension";
				INFOPLIST_KEY_NSHumanReadableCopyright = "";
				LD_RUNPATH_SEARCH_PATHS = (
					"$(inherited)",
					"@executable_path/../Frameworks",
					"@executable_path/../../../../Frameworks",
				);
				MACOSX_DEPLOYMENT_TARGET = 10.14;
				MARKETING_VERSION = 1.0;
				OTHER_LDFLAGS = (
					"-framework",
					SafariServices,
				);
				PRODUCT_BUNDLE_IDENTIFIER = io.kaihatsu.BenSrsExt.Extension;
				PRODUCT_NAME = "BenSrsExt Extension";
				SDKROOT = macosx;
				SKIP_INSTALL = YES;
				SWIFT_EMIT_LOC_STRINGS = YES;
				SWIFT_VERSION = 5.0;
			};
			name = Debug;
		};
		D52C86C9293A78F800FB937E /* Release */ = {
			isa = XCBuildConfiguration;
			buildSettings = {
				CODE_SIGN_ENTITLEMENTS = "macOS (Extension)/BenSrsExt.entitlements";
				CODE_SIGN_STYLE = Automatic;
				CURRENT_PROJECT_VERSION = 1;
				DEVELOPMENT_TEAM = 7A38VC5Z83;
				ENABLE_HARDENED_RUNTIME = YES;
				GENERATE_INFOPLIST_FILE = YES;
				INFOPLIST_FILE = "macOS (Extension)/Info.plist";
				INFOPLIST_KEY_CFBundleDisplayName = "BenSrsExt Extension";
				INFOPLIST_KEY_NSHumanReadableCopyright = "";
				LD_RUNPATH_SEARCH_PATHS = (
					"$(inherited)",
					"@executable_path/../Frameworks",
					"@executable_path/../../../../Frameworks",
				);
				MACOSX_DEPLOYMENT_TARGET = 10.14;
				MARKETING_VERSION = 1.0;
				OTHER_LDFLAGS = (
					"-framework",
					SafariServices,
				);
				PRODUCT_BUNDLE_IDENTIFIER = io.kaihatsu.BenSrsExt.Extension;
				PRODUCT_NAME = "BenSrsExt Extension";
				SDKROOT = macosx;
				SKIP_INSTALL = YES;
				SWIFT_EMIT_LOC_STRINGS = YES;
				SWIFT_VERSION = 5.0;
			};
			name = Release;
		};
		D52C86CC293A78F800FB937E /* Debug */ = {
			isa = XCBuildConfiguration;
			buildSettings = {
				ALWAYS_EMBED_SWIFT_STANDARD_LIBRARIES = YES;
				ASSETCATALOG_COMPILER_APPICON_NAME = AppIcon;
				ASSETCATALOG_COMPILER_GLOBAL_ACCENT_COLOR_NAME = AccentColor;
				CODE_SIGN_ENTITLEMENTS = "macOS (App)/BenSrsExt.entitlements";
				CODE_SIGN_STYLE = Automatic;
				CURRENT_PROJECT_VERSION = 1;
				DEVELOPMENT_TEAM = 7A38VC5Z83;
				ENABLE_HARDENED_RUNTIME = YES;
				GENERATE_INFOPLIST_FILE = YES;
				INFOPLIST_KEY_CFBundleDisplayName = BenSrsExt;
				INFOPLIST_KEY_NSMainStoryboardFile = Main;
				INFOPLIST_KEY_NSPrincipalClass = NSApplication;
				LD_RUNPATH_SEARCH_PATHS = (
					"$(inherited)",
					"@executable_path/../Frameworks",
				);
				MACOSX_DEPLOYMENT_TARGET = 10.14;
				MARKETING_VERSION = 1.0;
				OTHER_LDFLAGS = (
					"-framework",
					SafariServices,
					"-framework",
					WebKit,
				);
				PRODUCT_BUNDLE_IDENTIFIER = io.kaihatsu.BenSrsExt;
				PRODUCT_NAME = BenSrsExt;
				SDKROOT = macosx;
				SWIFT_EMIT_LOC_STRINGS = YES;
				SWIFT_VERSION = 5.0;
			};
			name = Debug;
		};
		D52C86CD293A78F800FB937E /* Release */ = {
			isa = XCBuildConfiguration;
			buildSettings = {
				ALWAYS_EMBED_SWIFT_STANDARD_LIBRARIES = YES;
				ASSETCATALOG_COMPILER_APPICON_NAME = AppIcon;
				ASSETCATALOG_COMPILER_GLOBAL_ACCENT_COLOR_NAME = AccentColor;
				CODE_SIGN_ENTITLEMENTS = "macOS (App)/BenSrsExt.entitlements";
				CODE_SIGN_STYLE = Automatic;
				CURRENT_PROJECT_VERSION = 1;
				DEVELOPMENT_TEAM = 7A38VC5Z83;
				ENABLE_HARDENED_RUNTIME = YES;
				GENERATE_INFOPLIST_FILE = YES;
				INFOPLIST_KEY_CFBundleDisplayName = BenSrsExt;
				INFOPLIST_KEY_NSMainStoryboardFile = Main;
				INFOPLIST_KEY_NSPrincipalClass = NSApplication;
				LD_RUNPATH_SEARCH_PATHS = (
					"$(inherited)",
					"@executable_path/../Frameworks",
				);
				MACOSX_DEPLOYMENT_TARGET = 10.14;
				MARKETING_VERSION = 1.0;
				OTHER_LDFLAGS = (
					"-framework",
					SafariServices,
					"-framework",
					WebKit,
				);
				PRODUCT_BUNDLE_IDENTIFIER = io.kaihatsu.BenSrsExt;
				PRODUCT_NAME = BenSrsExt;
				SDKROOT = macosx;
				SWIFT_EMIT_LOC_STRINGS = YES;
				SWIFT_VERSION = 5.0;
			};
			name = Release;
		};
/* End XCBuildConfiguration section */

/* Begin XCConfigurationList section */
		D52C8658293A78F700FB937E /* Build configuration list for PBXProject "BenSrsExt" */ = {
			isa = XCConfigurationList;
			buildConfigurations = (
				D52C86BE293A78F800FB937E /* Debug */,
				D52C86BF293A78F800FB937E /* Release */,
			);
			defaultConfigurationIsVisible = 0;
			defaultConfigurationName = Release;
		};
		D52C86C0293A78F800FB937E /* Build configuration list for PBXNativeTarget "BenSrsExt Extension (iOS)" */ = {
			isa = XCConfigurationList;
			buildConfigurations = (
				D52C86C1293A78F800FB937E /* Debug */,
				D52C86C2293A78F800FB937E /* Release */,
			);
			defaultConfigurationIsVisible = 0;
			defaultConfigurationName = Release;
		};
		D52C86C4293A78F800FB937E /* Build configuration list for PBXNativeTarget "BenSrsExt (iOS)" */ = {
			isa = XCConfigurationList;
			buildConfigurations = (
				D52C86C5293A78F800FB937E /* Debug */,
				D52C86C6293A78F800FB937E /* Release */,
			);
			defaultConfigurationIsVisible = 0;
			defaultConfigurationName = Release;
		};
		D52C86C7293A78F800FB937E /* Build configuration list for PBXNativeTarget "BenSrsExt Extension (macOS)" */ = {
			isa = XCConfigurationList;
			buildConfigurations = (
				D52C86C8293A78F800FB937E /* Debug */,
				D52C86C9293A78F800FB937E /* Release */,
			);
			defaultConfigurationIsVisible = 0;
			defaultConfigurationName = Release;
		};
		D52C86CB293A78F800FB937E /* Build configuration list for PBXNativeTarget "BenSrsExt (macOS)" */ = {
			isa = XCConfigurationList;
			buildConfigurations = (
				D52C86CC293A78F800FB937E /* Debug */,
				D52C86CD293A78F800FB937E /* Release */,
			);
			defaultConfigurationIsVisible = 0;
			defaultConfigurationName = Release;
		};
/* End XCConfigurationList section */
	};
	rootObject = D52C8655293A78F700FB937E /* Project object */;
}
